
Microsoft Visual Studio Solution File, Format Version 12.00
# Visual Studio Version 17
VisualStudioVersion = 17.2.32616.157
MinimumVisualStudioVersion = 10.0.40219.1
Project("{FAE04EC0-301F-11D3-BF4B-00C04F79EFBC}") = "Hello", "Hello\Hello.csproj", "{47422666-ED65-40AE-AC76-241FD73B1692}"
EndProject
Global
	GlobalSection(SolutionConfigurationPlatforms) = preSolution
		Debug|Any CPU = Debug|Any CPU
		Release|Any CPU = Release|Any CPU
	EndGlobalSection
	GlobalSection(ProjectConfigurationPlatforms) = postSolution
		{47422666-ED65-40AE-AC76-241FD73B1692}.Debug|Any CPU.ActiveCfg = Debug|Any CPU
		{47422666-ED65-40AE-AC76-241FD73B1692}.Debug|Any CPU.Build.0 = Debug|Any CPU
		{47422666-ED65-40AE-AC76-241FD73B1692}.Release|Any CPU.ActiveCfg = Release|Any CPU
		{47422666-ED65-40AE-AC76-241FD73B1692}.Release|Any CPU.Build.0 = Release|Any CPU
	EndGlobalSection
	GlobalSection(SolutionProperties) = preSolution
		HideSolutionNode = FALSE
	EndGlobalSection
	GlobalSection(ExtensibilityGlobals) = postSolution
		SolutionGuid = {A1D09E65-F983-422C-A194-0A0011A5D420}
	EndGlobalSection
EndGlobal
